// !$*UTF8*$!
{
	archiveVersion = 1;
	classes = {
	};
	objectVersion = 46;
	objects = {

/* Begin PBXBuildFile section */
		030BDCE71EF07159002343DC /* AppDelegate.swift in Sources */ = {isa = PBXBuildFile; fileRef = 030BDCE61EF07159002343DC /* AppDelegate.swift */; };
		030BDCE91EF07159002343DC /* ViewController.swift in Sources */ = {isa = PBXBuildFile; fileRef = 030BDCE81EF07159002343DC /* ViewController.swift */; };
		030BDCEC1EF07159002343DC /* Main.storyboard in Resources */ = {isa = PBXBuildFile; fileRef = 030BDCEA1EF07159002343DC /* Main.storyboard */; };
		030BDCEE1EF07159002343DC /* Assets.xcassets in Resources */ = {isa = PBXBuildFile; fileRef = 030BDCED1EF07159002343DC /* Assets.xcassets */; };
		030BDCF11EF07159002343DC /* LaunchScreen.storyboard in Resources */ = {isa = PBXBuildFile; fileRef = 030BDCEF1EF07159002343DC /* LaunchScreen.storyboard */; };
/* End PBXBuildFile section */

/* Begin PBXFileReference section */
		030BDCE31EF07159002343DC /* API Demo.app */ = {isa = PBXFileReference; explicitFileType = wrapper.application; includeInIndex = 0; path = "API Demo.app"; sourceTree = BUILT_PRODUCTS_DIR; };
		030BDCE61EF07159002343DC /* AppDelegate.swift */ = {isa = PBXFileReference; lastKnownFileType = sourcecode.swift; path = AppDelegate.swift; sourceTree = "<group>"; };
		030BDCE81EF07159002343DC /* ViewController.swift */ = {isa = PBXFileReference; lastKnownFileType = sourcecode.swift; path = ViewController.swift; sourceTree = "<group>"; };
		030BDCEB1EF07159002343DC /* Base */ = {isa = PBXFileReference; lastKnownFileType = file.storyboard; name = Base; path = Base.lproj/Main.storyboard; sourceTree = "<group>"; };
		030BDCED1EF07159002343DC /* Assets.xcassets */ = {isa = PBXFileReference; lastKnownFileType = folder.assetcatalog; path = Assets.xcassets; sourceTree = "<group>"; };
		030BDCF01EF07159002343DC /* Base */ = {isa = PBXFileReference; lastKnownFileType = file.storyboard; name = Base; path = Base.lproj/LaunchScreen.storyboard; sourceTree = "<group>"; };
		030BDCF21EF07159002343DC /* Info.plist */ = {isa = PBXFileReference; lastKnownFileType = text.plist.xml; path = Info.plist; sourceTree = "<group>"; };
/* End PBXFileReference section */

/* Begin PBXFrameworksBuildPhase section */
		030BDCE01EF07159002343DC /* Frameworks */ = {
			isa = PBXFrameworksBuildPhase;
			buildActionMask = 2147483647;
			files = (
			);
			runOnlyForDeploymentPostprocessing = 0;
		};
/* End PBXFrameworksBuildPhase section */

/* Begin PBXGroup section */
		030BDCDA1EF07159002343DC = {
			isa = PBXGroup;
			children = (
				030BDCE51EF07159002343DC /* API Demo */,
				030BDCE41EF07159002343DC /* Products */,
			);
			sourceTree = "<group>";
		};
		030BDCE41EF07159002343DC /* Products */ = {
			isa = PBXGroup;
			children = (
				030BDCE31EF07159002343DC /* API Demo.app */,
			);
			name = Products;
			sourceTree = "<group>";
		};
		030BDCE51EF07159002343DC /* API Demo */ = {
			isa = PBXGroup;
			children = (
				030BDCE61EF07159002343DC /* AppDelegate.swift */,
				030BDCE81EF07159002343DC /* ViewController.swift */,
				030BDCEA1EF07159002343DC /* Main.storyboard */,
				030BDCED1EF07159002343DC /* Assets.xcassets */,
				030BDCEF1EF07159002343DC /* LaunchScreen.storyboard */,
				030BDCF21EF07159002343DC /* Info.plist */,
			);
			path = "API Demo";
			sourceTree = "<group>";
		};
/* End PBXGroup section */

/* Begin PBXNativeTarget section */
		030BDCE21EF07159002343DC /* API Demo */ = {
			isa = PBXNativeTarget;
			buildConfigurationList = 030BDCF51EF07159002343DC /* Build configuration list for PBXNativeTarget "API Demo" */;
			buildPhases = (
				030BDCDF1EF07159002343DC /* Sources */,
				030BDCE01EF07159002343DC /* Frameworks */,
				030BDCE11EF07159002343DC /* Resources */,
			);
			buildRules = (
			);
			dependencies = (
			);
			name = "API Demo";
			productName = "API Demo";
			productReference = 030BDCE31EF07159002343DC /* API Demo.app */;
			productType = "com.apple.product-type.application";
		};
/* End PBXNativeTarget section */

/* Begin PBXProject section */
		030BDCDB1EF07159002343DC /* Project object */ = {
			isa = PBXProject;
			attributes = {
				LastSwiftUpdateCheck = 0830;
				LastUpgradeCheck = 0830;
				ORGANIZATIONNAME = "Tyler McGee";
				TargetAttributes = {
					030BDCE21EF07159002343DC = {
						CreatedOnToolsVersion = 8.3.3;
						ProvisioningStyle = Automatic;
					};
				};
			};
			buildConfigurationList = 030BDCDE1EF07159002343DC /* Build configuration list for PBXProject "API Demo" */;
			compatibilityVersion = "Xcode 3.2";
			developmentRegion = English;
			hasScannedForEncodings = 0;
			knownRegions = (
				en,
				Base,
			);
			mainGroup = 030BDCDA1EF07159002343DC;
			productRefGroup = 030BDCE41EF07159002343DC /* Products */;
			projectDirPath = "";
			projectRoot = "";
			targets = (
				030BDCE21EF07159002343DC /* API Demo */,
			);
		};
/* End PBXProject section */

/* Begin PBXResourcesBuildPhase section */
		030BDCE11EF07159002343DC /* Resources */ = {
			isa = PBXResourcesBuildPhase;
			buildActionMask = 2147483647;
			files = (
				030BDCF11EF07159002343DC /* LaunchScreen.storyboard in Resources */,
				030BDCEE1EF07159002343DC /* Assets.xcassets in Resources */,
				030BDCEC1EF07159002343DC /* Main.storyboard in Resources */,
			);
			runOnlyForDeploymentPostprocessing = 0;
		};
/* End PBXResourcesBuildPhase section */

/* Begin PBXSourcesBuildPhase section */
		030BDCDF1EF07159002343DC /* Sources */ = {
			isa = PBXSourcesBuildPhase;
			buildActionMask = 2147483647;
			files = (
				030BDCE91EF07159002343DC /* ViewController.swift in Sources */,
				030BDCE71EF07159002343DC /* AppDelegate.swift in Sources */,
			);
			runOnlyForDeploymentPostprocessing = 0;
		};
/* End PBXSourcesBuildPhase section */

/* Begin PBXVariantGroup section */
		030BDCEA1EF07159002343DC /* Main.storyboard */ = {
			isa = PBXVariantGroup;
			children = (
				030BDCEB1EF07159002343DC /* Base */,
			);
			name = Main.storyboard;
			sourceTree = "<group>";
		};
		030BDCEF1EF07159002343DC /* LaunchScreen.storyboard */ = {
			isa = PBXVariantGroup;
			children = (
				030BDCF01EF07159002343DC /* Base */,
			);
			name = LaunchScreen.storyboard;
			sourceTree = "<group>";
		};
/* End PBXVariantGroup section */

/* Begin XCBuildConfiguration section */
		030BDCF31EF07159002343DC /* Debug */ = {
			isa = XCBuildConfiguration;
			buildSettings = {
				ALWAYS_SEARCH_USER_PATHS = NO;
				CLANG_ANALYZER_NONNULL = YES;
				CLANG_ANALYZER_NUMBER_OBJECT_CONVERSION = YES_AGGRESSIVE;
				CLANG_CXX_LANGUAGE_STANDARD = "gnu++0x";
				CLANG_CXX_LIBRARY = "libc++";
				CLANG_ENABLE_MODULES = YES;
				CLANG_ENABLE_OBJC_ARC = YES;
				CLANG_WARN_BOOL_CONVERSION = YES;
				CLANG_WARN_CONSTANT_CONVERSION = YES;
				CLANG_WARN_DIRECT_OBJC_ISA_USAGE = YES_ERROR;
				CLANG_WARN_DOCUMENTATION_COMMENTS = YES;
				CLANG_WARN_EMPTY_BODY = YES;
				CLANG_WARN_ENUM_CONVERSION = YES;
				CLANG_WARN_INFINITE_RECURSION = YES;
				CLANG_WARN_INT_CONVERSION = YES;
				CLANG_WARN_OBJC_ROOT_CLASS = YES_ERROR;
				CLANG_WARN_SUSPICIOUS_MOVE = YES;
				CLANG_WARN_UNREACHABLE_CODE = YES;
				CLANG_WARN__DUPLICATE_METHOD_MATCH = YES;
				"CODE_SIGN_IDENTITY[sdk=iphoneos*]" = "iPhone Developer";
				COPY_PHASE_STRIP = NO;
				DEBUG_INFORMATION_FORMAT = dwarf;
				ENABLE_STRICT_OBJC_MSGSEND = YES;
				ENABLE_TESTABILITY = YES;
				GCC_C_LANGUAGE_STANDARD = gnu99;
				GCC_DYNAMIC_NO_PIC = NO;
				GCC_NO_COMMON_BLOCKS = YES;
				GCC_OPTIMIZATION_LEVEL = 0;
				GCC_PREPROCESSOR_DEFINITIONS = (
					"DEBUG=1",
					"$(inherited)",
				);
				GCC_WARN_64_TO_32_BIT_CONVERSION = YES;
				GCC_WARN_ABOUT_RETURN_TYPE = YES_ERROR;
				GCC_WARN_UNDECLARED_SELECTOR = YES;
				GCC_WARN_UNINITIALIZED_AUTOS = YES_AGGRESSIVE;
				GCC_WARN_UNUSED_FUNCTION = YES;
				GCC_WARN_UNUSED_VARIABLE = YES;
				IPHONEOS_DEPLOYMENT_TARGET = 10.3;
				MTL_ENABLE_DEBUG_INFO = YES;
				ONLY_ACTIVE_ARCH = YES;
				SDKROOT = iphoneos;
				SWIFT_ACTIVE_COMPILATION_CONDITIONS = DEBUG;
				SWIFT_OPTIMIZATION_LEVEL = "-Onone";
			};
			name = Debug;
		};
		030BDCF41EF07159002343DC /* Release */ = {
			isa = XCBuildConfiguration;
			buildSettings = {
				ALWAYS_SEARCH_USER_PATHS = NO;
				CLANG_ANALYZER_NONNULL = YES;
				CLANG_ANALYZER_NUMBER_OBJECT_CONVERSION = YES_AGGRESSIVE;
				CLANG_CXX_LANGUAGE_STANDARD = "gnu++0x";
				CLANG_CXX_LIBRARY = "libc++";
				CLANG_ENABLE_MODULES = YES;
				CLANG_ENABLE_OBJC_ARC = YES;
				CLANG_WARN_BOOL_CONVERSION = YES;
				CLANG_WARN_CONSTANT_CONVERSION = YES;
				CLANG_WARN_DIRECT_OBJC_ISA_USAGE = YES_ERROR;
				CLANG_WARN_DOCUMENTATION_COMMENTS = YES;
				CLANG_WARN_EMPTY_BODY = YES;
				CLANG_WARN_ENUM_CONVERSION = YES;
				CLANG_WARN_INFINITE_RECURSION = YES;
				CLANG_WARN_INT_CONVERSION = YES;
				CLANG_WARN_OBJC_ROOT_CLASS = YES_ERROR;
				CLANG_WARN_SUSPICIOUS_MOVE = YES;
				CLANG_WARN_UNREACHABLE_CODE = YES;
				CLANG_WARN__DUPLICATE_METHOD_MATCH = YES;
				"CODE_SIGN_IDENTITY[sdk=iphoneos*]" = "iPhone Developer";
				COPY_PHASE_STRIP = NO;
				DEBUG_INFORMATION_FORMAT = "dwarf-with-dsym";
				ENABLE_NS_ASSERTIONS = NO;
				ENABLE_STRICT_OBJC_MSGSEND = YES;
				GCC_C_LANGUAGE_STANDARD = gnu99;
				GCC_NO_COMMON_BLOCKS = YES;
				GCC_WARN_64_TO_32_BIT_CONVERSION = YES;
				GCC_WARN_ABOUT_RETURN_TYPE = YES_ERROR;
				GCC_WARN_UNDECLARED_SELECTOR = YES;
				GCC_WARN_UNINITIALIZED_AUTOS = YES_AGGRESSIVE;
				GCC_WARN_UNUSED_FUNCTION = YES;
				GCC_WARN_UNUSED_VARIABLE = YES;
				IPHONEOS_DEPLOYMENT_TARGET = 10.3;
				MTL_ENABLE_DEBUG_INFO = NO;
				SDKROOT = iphoneos;
				SWIFT_OPTIMIZATION_LEVEL = "-Owholemodule";
				VALIDATE_PRODUCT = YES;
			};
			name = Release;
		};
		030BDCF61EF07159002343DC /* Debug */ = {
			isa = XCBuildConfiguration;
			buildSettings = {
				ASSETCATALOG_COMPILER_APPICON_NAME = AppIcon;
				INFOPLIST_FILE = "API Demo/Info.plist";
				LD_RUNPATH_SEARCH_PATHS = "$(inherited) @executable_path/Frameworks";
				PRODUCT_BUNDLE_IDENTIFIER = "Tyler-McGee.API-Demo";
				PRODUCT_NAME = "$(TARGET_NAME)";
				SWIFT_VERSION = 3.0;
			};
			name = Debug;
		};
		030BDCF71EF07159002343DC /* Release */ = {
			isa = XCBuildConfiguration;
			buildSettings = {
				ASSETCATALOG_COMPILER_APPICON_NAME = AppIcon;
				INFOPLIST_FILE = "API Demo/Info.plist";
				LD_RUNPATH_SEARCH_PATHS = "$(inherited) @executable_path/Frameworks";
				PRODUCT_BUNDLE_IDENTIFIER = "Tyler-McGee.API-Demo";
				PRODUCT_NAME = "$(TARGET_NAME)";
				SWIFT_VERSION = 3.0;
			};
			name = Release;
		};
/* End XCBuildConfiguration section */

/* Begin XCConfigurationList section */
		030BDCDE1EF07159002343DC /* Build configuration list for PBXProject "API Demo" */ = {
			isa = XCConfigurationList;
			buildConfigurations = (
				030BDCF31EF07159002343DC /* Debug */,
				030BDCF41EF07159002343DC /* Release */,
			);
			defaultConfigurationIsVisible = 0;
			defaultConfigurationName = Release;
		};
		030BDCF51EF07159002343DC /* Build configuration list for PBXNativeTarget "API Demo" */ = {
			isa = XCConfigurationList;
			buildConfigurations = (
				030BDCF61EF07159002343DC /* Debug */,
				030BDCF71EF07159002343DC /* Release */,
			);
			defaultConfigurationIsVisible = 0;
		};
/* End XCConfigurationList section */
	};
	rootObject = 030BDCDB1EF07159002343DC /* Project object */;
}
